
Microsoft Visual Studio Solution File, Format Version 12.00
# Visual Studio Version 17
VisualStudioVersion = 17.10.35013.160
MinimumVisualStudioVersion = 10.0.40219.1
Project("{9A19103F-16F7-4668-BE54-9A1E7A4F7556}") = "ObjectDetectionAndTrackingPipline", "ObjectDetectionAndTrackingPipline\ObjectDetectionAndTrackingPipline.csproj", "{832C7646-5A70-46FA-909E-A4C115C570E0}"
EndProject
Project("{2150E333-8FDC-42A3-9474-1A3956D46DE8}") = "解决方案项", "解决方案项", "{67E9650B-D6CD-4DFE-8EC2-5651259E2B97}"
	ProjectSection(SolutionItems) = preProject
		.gitignore = .gitignore
	EndProjectSection
EndProject
Global
	GlobalSection(SolutionConfigurationPlatforms) = preSolution
		Debug|Any CPU = Debug|Any CPU
		Release|Any CPU = Release|Any CPU
	EndGlobalSection
	GlobalSection(ProjectConfigurationPlatforms) = postSolution
		{832C7646-5A70-46FA-909E-A4C115C570E0}.Debug|Any CPU.ActiveCfg = Debug|Any CPU
		{832C7646-5A70-46FA-909E-A4C115C570E0}.Debug|Any CPU.Build.0 = Debug|Any CPU
		{832C7646-5A70-46FA-909E-A4C115C570E0}.Release|Any CPU.ActiveCfg = Release|Any CPU
		{832C7646-5A70-46FA-909E-A4C115C570E0}.Release|Any CPU.Build.0 = Release|Any CPU
	EndGlobalSection
	GlobalSection(SolutionProperties) = preSolution
		HideSolutionNode = FALSE
	EndGlobalSection
	GlobalSection(ExtensibilityGlobals) = postSolution
		SolutionGuid = {1ABD4E63-66B5-4FE7-920F-95037781EA00}
	EndGlobalSection
EndGlobal
